
Microsoft Visual Studio Solution File, Format Version 12.00
# Visual Studio Version 17
VisualStudioVersion = 17.0.31903.59
MinimumVisualStudioVersion = 10.0.40219.1
Project("{FAE04EC0-301F-11D3-BF4B-00C04F79EFBC}") = "API", "API\API.csproj", "{BAD9E983-D10B-476D-9AA2-D56CA744222D}"
EndProject
Project("{FAE04EC0-301F-11D3-BF4B-00C04F79EFBC}") = "Application", "Application\Application.csproj", "{C48870B6-702F-4423-AAD7-E6B90F68C543}"
EndProject
Project("{FAE04EC0-301F-11D3-BF4B-00C04F79EFBC}") = "Domain", "Domain\Domain.csproj", "{9C89CB39-EC38-42A5-9576-DB96614EC35F}"
EndProject
Project("{FAE04EC0-301F-11D3-BF4B-00C04F79EFBC}") = "Persistence", "Persistence\Persistence.csproj", "{87A58512-B43C-4113-A02D-058F69FA304A}"
EndProject
Global
	GlobalSection(SolutionConfigurationPlatforms) = preSolution
		Debug|Any CPU = Debug|Any CPU
		Release|Any CPU = Release|Any CPU
	EndGlobalSection
	GlobalSection(SolutionProperties) = preSolution
		HideSolutionNode = FALSE
	EndGlobalSection
	GlobalSection(ProjectConfigurationPlatforms) = postSolution
		{BAD9E983-D10B-476D-9AA2-D56CA744222D}.Debug|Any CPU.ActiveCfg = Debug|Any CPU
		{BAD9E983-D10B-476D-9AA2-D56CA744222D}.Debug|Any CPU.Build.0 = Debug|Any CPU
		{BAD9E983-D10B-476D-9AA2-D56CA744222D}.Release|Any CPU.ActiveCfg = Release|Any CPU
		{BAD9E983-D10B-476D-9AA2-D56CA744222D}.Release|Any CPU.Build.0 = Release|Any CPU
		{C48870B6-702F-4423-AAD7-E6B90F68C543}.Debug|Any CPU.ActiveCfg = Debug|Any CPU
		{C48870B6-702F-4423-AAD7-E6B90F68C543}.Debug|Any CPU.Build.0 = Debug|Any CPU
		{C48870B6-702F-4423-AAD7-E6B90F68C543}.Release|Any CPU.ActiveCfg = Release|Any CPU
		{C48870B6-702F-4423-AAD7-E6B90F68C543}.Release|Any CPU.Build.0 = Release|Any CPU
		{9C89CB39-EC38-42A5-9576-DB96614EC35F}.Debug|Any CPU.ActiveCfg = Debug|Any CPU
		{9C89CB39-EC38-42A5-9576-DB96614EC35F}.Debug|Any CPU.Build.0 = Debug|Any CPU
		{9C89CB39-EC38-42A5-9576-DB96614EC35F}.Release|Any CPU.ActiveCfg = Release|Any CPU
		{9C89CB39-EC38-42A5-9576-DB96614EC35F}.Release|Any CPU.Build.0 = Release|Any CPU
		{87A58512-B43C-4113-A02D-058F69FA304A}.Debug|Any CPU.ActiveCfg = Debug|Any CPU
		{87A58512-B43C-4113-A02D-058F69FA304A}.Debug|Any CPU.Build.0 = Debug|Any CPU
		{87A58512-B43C-4113-A02D-058F69FA304A}.Release|Any CPU.ActiveCfg = Release|Any CPU
		{87A58512-B43C-4113-A02D-058F69FA304A}.Release|Any CPU.Build.0 = Release|Any CPU
	EndGlobalSection
EndGlobal
